// !$*UTF8*$!
{
	archiveVersion = 1;
	classes = {
	};
	objectVersion = 56;
	objects = {

/* Begin PBXFileReference section */
		A10000000000000000000001 /* KeirosHelloApp.swift */ = {isa = PBXFileReference; lastKnownFileType = sourcecode.swift; path = KeirosHelloApp.swift; sourceTree = "<group>"; };
		A10000000000000000000002 /* ContentView.swift */ = {isa = PBXFileReference; lastKnownFileType = sourcecode.swift; path = ContentView.swift; sourceTree = "<group>"; };
		A10000000000000000000003 /* Assets.xcassets */ = {isa = PBXFileReference; lastKnownFileType = folder.assetcatalog; path = Assets.xcassets; sourceTree = "<group>"; };
		A10000000000000000000004 /* PrivacyInfo.xcprivacy */ = {isa = PBXFileReference; lastKnownFileType = text.xml; path = PrivacyInfo.xcprivacy; sourceTree = "<group>"; };
		A10000000000000000000006 /* FirebaseConfig.swift */ = {isa = PBXFileReference; lastKnownFileType = sourcecode.swift; path = FirebaseConfig.swift; sourceTree = "<group>"; };
		A10000000000000000000007 /* Models.swift */ = {isa = PBXFileReference; lastKnownFileType = sourcecode.swift; path = Models.swift; sourceTree = "<group>"; };
		A10000000000000000000008 /* FirebaseTour.swift */ = {isa = PBXFileReference; lastKnownFileType = sourcecode.swift; path = FirebaseTour.swift; sourceTree = "<group>"; };
		A10000000000000000000009 /* TourStore.swift */ = {isa = PBXFileReference; lastKnownFileType = sourcecode.swift; path = TourStore.swift; sourceTree = "<group>"; };
		A1000000000000000000000A /* Chrome.swift */ = {isa = PBXFileReference; lastKnownFileType = sourcecode.swift; path = Chrome.swift; sourceTree = "<group>"; };
		A1000000000000000000000B /* MapAndScan.swift */ = {isa = PBXFileReference; lastKnownFileType = sourcecode.swift; path = MapAndScan.swift; sourceTree = "<group>"; };
		A1000000000000000000000C /* OnboardingScreens.swift */ = {isa = PBXFileReference; lastKnownFileType = sourcecode.swift; path = OnboardingScreens.swift; sourceTree = "<group>"; };
		A1000000000000000000000D /* ExploreScreens.swift */ = {isa = PBXFileReference; lastKnownFileType = sourcecode.swift; path = ExploreScreens.swift; sourceTree = "<group>"; };
		A1000000000000000000000E /* GuideScreens.swift */ = {isa = PBXFileReference; lastKnownFileType = sourcecode.swift; path = GuideScreens.swift; sourceTree = "<group>"; };
		A10000000000000000000005 /* KeirosHello.app */ = {isa = PBXFileReference; explicitFileType = wrapper.application; includeInIndex = 0; path = KeirosHello.app; sourceTree = BUILT_PRODUCTS_DIR; };
/* End PBXFileReference section */

/* Begin PBXBuildFile section */
		B10000000000000000000001 /* KeirosHelloApp.swift in Sources */ = {isa = PBXBuildFile; fileRef = A10000000000000000000001 /* KeirosHelloApp.swift */; };
		B10000000000000000000002 /* ContentView.swift in Sources */ = {isa = PBXBuildFile; fileRef = A10000000000000000000002 /* ContentView.swift */; };
		B10000000000000000000003 /* Assets.xcassets in Resources */ = {isa = PBXBuildFile; fileRef = A10000000000000000000003 /* Assets.xcassets */; };
		B10000000000000000000004 /* PrivacyInfo.xcprivacy in Resources */ = {isa = PBXBuildFile; fileRef = A10000000000000000000004 /* PrivacyInfo.xcprivacy */; };
		B10000000000000000000006 /* FirebaseConfig.swift in Sources */ = {isa = PBXBuildFile; fileRef = A10000000000000000000006 /* FirebaseConfig.swift */; };
		B10000000000000000000007 /* Models.swift in Sources */ = {isa = PBXBuildFile; fileRef = A10000000000000000000007 /* Models.swift */; };
		B10000000000000000000008 /* FirebaseTour.swift in Sources */ = {isa = PBXBuildFile; fileRef = A10000000000000000000008 /* FirebaseTour.swift */; };
		B10000000000000000000009 /* TourStore.swift in Sources */ = {isa = PBXBuildFile; fileRef = A10000000000000000000009 /* TourStore.swift */; };
		B1000000000000000000000A /* Chrome.swift in Sources */ = {isa = PBXBuildFile; fileRef = A1000000000000000000000A /* Chrome.swift */; };
		B1000000000000000000000B /* MapAndScan.swift in Sources */ = {isa = PBXBuildFile; fileRef = A1000000000000000000000B /* MapAndScan.swift */; };
		B1000000000000000000000C /* OnboardingScreens.swift in Sources */ = {isa = PBXBuildFile; fileRef = A1000000000000000000000C /* OnboardingScreens.swift */; };
		B1000000000000000000000D /* ExploreScreens.swift in Sources */ = {isa = PBXBuildFile; fileRef = A1000000000000000000000D /* ExploreScreens.swift */; };
		B1000000000000000000000E /* GuideScreens.swift in Sources */ = {isa = PBXBuildFile; fileRef = A1000000000000000000000E /* GuideScreens.swift */; };
/* End PBXBuildFile section */

/* Begin PBXFrameworksBuildPhase section */
		D10000000000000000000005 /* Frameworks */ = {
			isa = PBXFrameworksBuildPhase;
			buildActionMask = 2147483647;
			files = (
			);
			runOnlyForDeploymentPostprocessing = 0;
		};
/* End PBXFrameworksBuildPhase section */

/* Begin PBXGroup section */
		C10000000000000000000001 = {
			isa = PBXGroup;
			children = (
				C10000000000000000000002 /* KeirosHello */,
				C10000000000000000000003 /* Products */,
			);
			sourceTree = "<group>";
		};
		C10000000000000000000002 /* KeirosHello */ = {
			isa = PBXGroup;
			children = (
				A10000000000000000000001 /* KeirosHelloApp.swift */,
				A10000000000000000000002 /* ContentView.swift */,
				A10000000000000000000006 /* FirebaseConfig.swift */,
				A10000000000000000000007 /* Models.swift */,
				A10000000000000000000008 /* FirebaseTour.swift */,
				A10000000000000000000009 /* TourStore.swift */,
				A1000000000000000000000A /* Chrome.swift */,
				A1000000000000000000000B /* MapAndScan.swift */,
				A1000000000000000000000C /* OnboardingScreens.swift */,
				A1000000000000000000000D /* ExploreScreens.swift */,
				A1000000000000000000000E /* GuideScreens.swift */,
				A10000000000000000000003 /* Assets.xcassets */,
				A10000000000000000000004 /* PrivacyInfo.xcprivacy */,
			);
			path = KeirosHello;
			sourceTree = "<group>";
		};
		C10000000000000000000003 /* Products */ = {
			isa = PBXGroup;
			children = (
				A10000000000000000000005 /* KeirosHello.app */,
			);
			name = Products;
			sourceTree = "<group>";
		};
/* End PBXGroup section */

/* Begin PBXNativeTarget section */
		D10000000000000000000001 /* KeirosHello */ = {
			isa = PBXNativeTarget;
			buildConfigurationList = E10000000000000000000005 /* Build configuration list for PBXNativeTarget "KeirosHello" */;
			buildPhases = (
				D10000000000000000000003 /* Sources */,
				D10000000000000000000005 /* Frameworks */,
				D10000000000000000000004 /* Resources */,
			);
			buildRules = (
			);
			dependencies = (
			);
			name = KeirosHello;
			productName = KeirosHello;
			productReference = A10000000000000000000005 /* KeirosHello.app */;
			productType = "com.apple.product-type.application";
		};
/* End PBXNativeTarget section */

/* Begin PBXProject section */
		D10000000000000000000002 /* Project object */ = {
			isa = PBXProject;
			attributes = {
				BuildIndependentTargetsInParallel = 1;
				LastUpgradeCheck = 1600;
				TargetAttributes = {
					D10000000000000000000001 = {
						CreatedOnToolsVersion = 16.0;
					};
				};
			};
			buildConfigurationList = E10000000000000000000006 /* Build configuration list for PBXProject "KeirosHello" */;
			compatibilityVersion = "Xcode 14.0";
			developmentRegion = en;
			hasScannedForEncodings = 0;
			knownRegions = (
				en,
				Base,
			);
			mainGroup = C10000000000000000000001;
			productRefGroup = C10000000000000000000003 /* Products */;
			projectDirPath = "";
			projectRoot = "";
			targets = (
				D10000000000000000000001 /* KeirosHello */,
			);
		};
/* End PBXProject section */

/* Begin PBXResourcesBuildPhase section */
		D10000000000000000000004 /* Resources */ = {
			isa = PBXResourcesBuildPhase;
			buildActionMask = 2147483647;
			files = (
				B10000000000000000000003 /* Assets.xcassets in Resources */,
				B10000000000000000000004 /* PrivacyInfo.xcprivacy in Resources */,
			);
			runOnlyForDeploymentPostprocessing = 0;
		};
/* End PBXResourcesBuildPhase section */

/* Begin PBXSourcesBuildPhase section */
		D10000000000000000000003 /* Sources */ = {
			isa = PBXSourcesBuildPhase;
			buildActionMask = 2147483647;
			files = (
				B10000000000000000000001 /* KeirosHelloApp.swift in Sources */,
				B10000000000000000000002 /* ContentView.swift in Sources */,
				B10000000000000000000006 /* FirebaseConfig.swift in Sources */,
				B10000000000000000000007 /* Models.swift in Sources */,
				B10000000000000000000008 /* FirebaseTour.swift in Sources */,
				B10000000000000000000009 /* TourStore.swift in Sources */,
				B1000000000000000000000A /* Chrome.swift in Sources */,
				B1000000000000000000000B /* MapAndScan.swift in Sources */,
				B1000000000000000000000C /* OnboardingScreens.swift in Sources */,
				B1000000000000000000000D /* ExploreScreens.swift in Sources */,
				B1000000000000000000000E /* GuideScreens.swift in Sources */,
			);
			runOnlyForDeploymentPostprocessing = 0;
		};
/* End PBXSourcesBuildPhase section */

/* Begin XCBuildConfiguration section */
		E10000000000000000000001 /* Debug */ = {
			isa = XCBuildConfiguration;
			buildSettings = {
				ASSETCATALOG_COMPILER_APPICON_NAME = AppIcon;
				ASSETCATALOG_COMPILER_GLOBAL_ACCENT_COLOR_NAME = AccentColor;
				CODE_SIGN_IDENTITY = "Apple Distribution";
				CODE_SIGN_STYLE = Manual;
				CURRENT_PROJECT_VERSION = 1;
				DEVELOPMENT_TEAM = FFAHH2T8PN;
				GENERATE_INFOPLIST_FILE = YES;
				INFOPLIST_KEY_CFBundleDisplayName = KeirosTour;
				INFOPLIST_KEY_NSCameraUsageDescription = "KeirosTour uses the camera to scan the property QR code.";
				INFOPLIST_KEY_NSLocationWhenInUseUsageDescription = "KeirosTour uses your location to show where you are on the property.";
				INFOPLIST_KEY_ITSAppUsesNonExemptEncryption = NO;
				INFOPLIST_KEY_UIApplicationSceneManifest_Generation = YES;
				INFOPLIST_KEY_UIApplicationSupportsIndirectInputEvents = YES;
				INFOPLIST_KEY_UILaunchScreen_Generation = YES;
				INFOPLIST_KEY_UISupportedInterfaceOrientations = UIInterfaceOrientationPortrait;
				IPHONEOS_DEPLOYMENT_TARGET = 16.0;
				LD_RUNPATH_SEARCH_PATHS = (
					"$(inherited)",
					"@executable_path/Frameworks",
				);
				MARKETING_VERSION = 1.0.0;
				PRODUCT_BUNDLE_IDENTIFIER = com.keiros.tenantapp;
				PRODUCT_NAME = "$(TARGET_NAME)";
				PROVISIONING_PROFILE_SPECIFIER = "Keiros Tenant App Store";
				SWIFT_EMIT_LOC_STRINGS = YES;
				SWIFT_VERSION = 5.0;
				TARGETED_DEVICE_FAMILY = 1;
			};
			name = Debug;
		};
		E10000000000000000000002 /* Release */ = {
			isa = XCBuildConfiguration;
			buildSettings = {
				ASSETCATALOG_COMPILER_APPICON_NAME = AppIcon;
				ASSETCATALOG_COMPILER_GLOBAL_ACCENT_COLOR_NAME = AccentColor;
				CODE_SIGN_IDENTITY = "Apple Distribution";
				CODE_SIGN_STYLE = Manual;
				CURRENT_PROJECT_VERSION = 1;
				DEVELOPMENT_TEAM = FFAHH2T8PN;
				GENERATE_INFOPLIST_FILE = YES;
				INFOPLIST_KEY_CFBundleDisplayName = KeirosTour;
				INFOPLIST_KEY_NSCameraUsageDescription = "KeirosTour uses the camera to scan the property QR code.";
				INFOPLIST_KEY_NSLocationWhenInUseUsageDescription = "KeirosTour uses your location to show where you are on the property.";
				INFOPLIST_KEY_ITSAppUsesNonExemptEncryption = NO;
				INFOPLIST_KEY_UIApplicationSceneManifest_Generation = YES;
				INFOPLIST_KEY_UIApplicationSupportsIndirectInputEvents = YES;
				INFOPLIST_KEY_UILaunchScreen_Generation = YES;
				INFOPLIST_KEY_UISupportedInterfaceOrientations = UIInterfaceOrientationPortrait;
				IPHONEOS_DEPLOYMENT_TARGET = 16.0;
				LD_RUNPATH_SEARCH_PATHS = (
					"$(inherited)",
					"@executable_path/Frameworks",
				);
				MARKETING_VERSION = 1.0.0;
				PRODUCT_BUNDLE_IDENTIFIER = com.keiros.tenantapp;
				PRODUCT_NAME = "$(TARGET_NAME)";
				PROVISIONING_PROFILE_SPECIFIER = "Keiros Tenant App Store";
				SWIFT_EMIT_LOC_STRINGS = YES;
				SWIFT_VERSION = 5.0;
				TARGETED_DEVICE_FAMILY = 1;
			};
			name = Release;
		};
		E10000000000000000000003 /* Debug */ = {
			isa = XCBuildConfiguration;
			buildSettings = {
				ALWAYS_SEARCH_USER_PATHS = NO;
				CLANG_ENABLE_MODULES = YES;
				COPY_PHASE_STRIP = NO;
				DEBUG_INFORMATION_FORMAT = dwarf;
				ENABLE_STRICT_OBJC_MSGSEND = YES;
				GCC_DYNAMIC_NO_PIC = NO;
				GCC_OPTIMIZATION_LEVEL = 0;
				IPHONEOS_DEPLOYMENT_TARGET = 16.0;
				MTL_ENABLE_DEBUG_INFO = INCLUDE_SOURCE;
				ONLY_ACTIVE_ARCH = YES;
				SDKROOT = iphoneos;
				SWIFT_ACTIVE_COMPILATION_CONDITIONS = DEBUG;
				SWIFT_OPTIMIZATION_LEVEL = "-Onone";
			};
			name = Debug;
		};
		E10000000000000000000004 /* Release */ = {
			isa = XCBuildConfiguration;
			buildSettings = {
				ALWAYS_SEARCH_USER_PATHS = NO;
				CLANG_ENABLE_MODULES = YES;
				COPY_PHASE_STRIP = NO;
				DEBUG_INFORMATION_FORMAT = "dwarf-with-dsym";
				ENABLE_NS_ASSERTIONS = NO;
				ENABLE_STRICT_OBJC_MSGSEND = YES;
				IPHONEOS_DEPLOYMENT_TARGET = 16.0;
				MTL_ENABLE_DEBUG_INFO = NO;
				SDKROOT = iphoneos;
				SWIFT_COMPILATION_MODE = wholemodule;
				SWIFT_OPTIMIZATION_LEVEL = "-O";
				VALIDATE_PRODUCT = YES;
			};
			name = Release;
		};
/* End XCBuildConfiguration section */

/* Begin XCConfigurationList section */
		E10000000000000000000005 /* Build configuration list for PBXNativeTarget "KeirosHello" */ = {
			isa = XCConfigurationList;
			buildConfigurations = (
				E10000000000000000000001 /* Debug */,
				E10000000000000000000002 /* Release */,
			);
			defaultConfigurationIsVisible = 0;
			defaultConfigurationName = Release;
		};
		E10000000000000000000006 /* Build configuration list for PBXProject "KeirosHello" */ = {
			isa = XCConfigurationList;
			buildConfigurations = (
				E10000000000000000000003 /* Debug */,
				E10000000000000000000004 /* Release */,
			);
			defaultConfigurationIsVisible = 0;
			defaultConfigurationName = Release;
		};
/* End XCConfigurationList section */
	};
	rootObject = D10000000000000000000002 /* Project object */;
}
